
Microsoft Visual Studio Solution File, Format Version 12.00
# Visual Studio Version 17
VisualStudioVersion = 17.0.32112.339
MinimumVisualStudioVersion = 10.0.40219.1
Project("{FAE04EC0-301F-11D3-BF4B-00C04F79EFBC}") = "FundooNotes", "FundooNotes\FundooNotes.csproj", "{39D1216A-3AD4-49F6-B4AC-41017C4B92C6}"
EndProject
Project("{FAE04EC0-301F-11D3-BF4B-00C04F79EFBC}") = "RepositoryLayer", "RepositoryLayer\RepositoryLayer.csproj", "{57F15436-135F-4796-822B-EF3DBFA39803}"
EndProject
Project("{FAE04EC0-301F-11D3-BF4B-00C04F79EFBC}") = "DataBaseLayer", "DataBaseLayer\DataBaseLayer.csproj", "{491BEC3F-563E-42B2-9162-9663CDF13F22}"
EndProject
Project("{FAE04EC0-301F-11D3-BF4B-00C04F79EFBC}") = "BusinessLayer", "BusinessLayer\BusinessLayer.csproj", "{F34ED894-DE97-4F98-8D0F-1349BC405AC9}"
EndProject
Global
	GlobalSection(SolutionConfigurationPlatforms) = preSolution
		Debug|Any CPU = Debug|Any CPU
		Release|Any CPU = Release|Any CPU
	EndGlobalSection
	GlobalSection(ProjectConfigurationPlatforms) = postSolution
		{39D1216A-3AD4-49F6-B4AC-41017C4B92C6}.Debug|Any CPU.ActiveCfg = Debug|Any CPU
		{39D1216A-3AD4-49F6-B4AC-41017C4B92C6}.Debug|Any CPU.Build.0 = Debug|Any CPU
		{39D1216A-3AD4-49F6-B4AC-41017C4B92C6}.Release|Any CPU.ActiveCfg = Release|Any CPU
		{39D1216A-3AD4-49F6-B4AC-41017C4B92C6}.Release|Any CPU.Build.0 = Release|Any CPU
		{57F15436-135F-4796-822B-EF3DBFA39803}.Debug|Any CPU.ActiveCfg = Debug|Any CPU
		{57F15436-135F-4796-822B-EF3DBFA39803}.Debug|Any CPU.Build.0 = Debug|Any CPU
		{57F15436-135F-4796-822B-EF3DBFA39803}.Release|Any CPU.ActiveCfg = Release|Any CPU
		{57F15436-135F-4796-822B-EF3DBFA39803}.Release|Any CPU.Build.0 = Release|Any CPU
		{491BEC3F-563E-42B2-9162-9663CDF13F22}.Debug|Any CPU.ActiveCfg = Debug|Any CPU
		{491BEC3F-563E-42B2-9162-9663CDF13F22}.Debug|Any CPU.Build.0 = Debug|Any CPU
		{491BEC3F-563E-42B2-9162-9663CDF13F22}.Release|Any CPU.ActiveCfg = Release|Any CPU
		{491BEC3F-563E-42B2-9162-9663CDF13F22}.Release|Any CPU.Build.0 = Release|Any CPU
		{F34ED894-DE97-4F98-8D0F-1349BC405AC9}.Debug|Any CPU.ActiveCfg = Debug|Any CPU
		{F34ED894-DE97-4F98-8D0F-1349BC405AC9}.Debug|Any CPU.Build.0 = Debug|Any CPU
		{F34ED894-DE97-4F98-8D0F-1349BC405AC9}.Release|Any CPU.ActiveCfg = Release|Any CPU
		{F34ED894-DE97-4F98-8D0F-1349BC405AC9}.Release|Any CPU.Build.0 = Release|Any CPU
	EndGlobalSection
	GlobalSection(SolutionProperties) = preSolution
		HideSolutionNode = FALSE
	EndGlobalSection
	GlobalSection(ExtensibilityGlobals) = postSolution
		SolutionGuid = {DBD1DEFC-208D-4ACA-887F-75B9D8E83204}
	EndGlobalSection
EndGlobal
